
Microsoft Visual Studio Solution File, Format Version 9.00
# Visual Studio 2005
Project("{8BC9CEB8-8B4A-11D0-8D11-00A0C91BC942}") = "TrcView", "TrcView.vcproj", "{01657BC3-A1D8-47B3-9E6B-D041D10A01FF}"
EndProject
Global
	GlobalSection(SolutionConfigurationPlatforms) = preSolution
		Debug|Win32 = Debug|Win32
		Release|Win32 = Release|Win32
	EndGlobalSection
	GlobalSection(ProjectConfigurationPlatforms) = postSolution
		{01657BC3-A1D8-47B3-9E6B-D041D10A01FF}.Debug|Win32.ActiveCfg = Debug|Win32
		{01657BC3-A1D8-47B3-9E6B-D041D10A01FF}.Debug|Win32.Build.0 = Debug|Win32
		{01657BC3-A1D8-47B3-9E6B-D041D10A01FF}.Release|Win32.ActiveCfg = Release|Win32
		{01657BC3-A1D8-47B3-9E6B-D041D10A01FF}.Release|Win32.Build.0 = Release|Win32
	EndGlobalSection
	GlobalSection(SolutionProperties) = preSolution
		HideSolutionNode = FALSE
	EndGlobalSection
EndGlobal
