
Microsoft Visual Studio Solution File, Format Version 9.00
# Visual Studio 2005
Project("{FAE04EC0-301F-11D3-BF4B-00C04F79EFBC}") = "WinTrc", "WinTRC\WinTrc.csproj", "{E84133FE-5E1D-47ED-BA35-F5E776B838EB}"
EndProject
Global
	GlobalSection(SolutionConfigurationPlatforms) = preSolution
		Debug|Any CPU = Debug|Any CPU
		Release|Any CPU = Release|Any CPU
	EndGlobalSection
	GlobalSection(ProjectConfigurationPlatforms) = postSolution
		{E84133FE-5E1D-47ED-BA35-F5E776B838EB}.Debug|Any CPU.ActiveCfg = Debug|Any CPU
		{E84133FE-5E1D-47ED-BA35-F5E776B838EB}.Debug|Any CPU.Build.0 = Debug|Any CPU
		{E84133FE-5E1D-47ED-BA35-F5E776B838EB}.Release|Any CPU.ActiveCfg = Release|Any CPU
		{E84133FE-5E1D-47ED-BA35-F5E776B838EB}.Release|Any CPU.Build.0 = Release|Any CPU
	EndGlobalSection
	GlobalSection(SolutionProperties) = preSolution
		HideSolutionNode = FALSE
	EndGlobalSection
EndGlobal
